lockfileVersion: '9.0'

settings:
  autoInstallPeers: true
  excludeLinksFromLockfile: false

catalogs:
  default:
    '@inquirer/checkbox':
      specifier: ^5.1.4
      version: 5.1.4
    '@inquirer/confirm':
      specifier: ^6.0.12
      version: 6.0.12
    '@inquirer/editor':
      specifier: ^5.1.1
      version: 5.1.1
    '@inquirer/input':
      specifier: ^5.0.12
      version: 5.0.12
    '@inquirer/number':
      specifier: ^4.0.12
      version: 4.0.12
    '@inquirer/password':
      specifier: ^5.0.12
      version: 5.0.12
    '@inquirer/select':
      specifier: ^5.1.4
      version: 5.1.4
    minimist:
      specifier: ^1.2.8
      version: 1.2.8

importers:

  .:
    dependencies:
      minimist:
        specifier: 'catalog:'
        version: 1.2.8
    devDependencies:
      '@biomejs/biome':
        specifier: ^2.4.14
        version: 2.4.14
      '@inquirer-cli/test-helper':
        specifier: workspace:*
        version: link:packages/test-helper

  packages/checkbox:
    dependencies:
      '@inquirer/checkbox':
        specifier: 'catalog:'
        version: 5.1.4
      minimist:
        specifier: 'catalog:'
        version: 1.2.8

  packages/confirm:
    dependencies:
      '@inquirer/confirm':
        specifier: 'catalog:'
        version: 6.0.12
      minimist:
        specifier: 'catalog:'
        version: 1.2.8

  packages/editor:
    dependencies:
      '@inquirer/editor':
        specifier: 'catalog:'
        version: 5.1.1
      minimist:
        specifier: 'catalog:'
        version: 1.2.8

  packages/input:
    dependencies:
      '@inquirer/input':
        specifier: 'catalog:'
        version: 5.0.12
      minimist:
        specifier: 'catalog:'
        version: 1.2.8

  packages/number:
    dependencies:
      '@inquirer/number':
        specifier: 'catalog:'
        version: 4.0.12
      minimist:
        specifier: 'catalog:'
        version: 1.2.8

  packages/password:
    dependencies:
      '@inquirer/password':
        specifier: 'catalog:'
        version: 5.0.12
      minimist:
        specifier: 'catalog:'
        version: 1.2.8

  packages/select:
    dependencies:
      '@inquirer/select':
        specifier: 'catalog:'
        version: 5.1.4
      minimist:
        specifier: 'catalog:'
        version: 1.2.8

  packages/test-helper: {}

packages:

  '@biomejs/biome@2.4.14':
    resolution: {integrity: sha512-TmAvxOEgrpLypzVGJ8FulIZnlyA9TxrO1hyqYrCz9r+bwma9xXxuLA5IuYnj55XQneFx460KjRbx6SWGLkg3bQ==}
    engines: {node: '>=14.21.3'}
    hasBin: true

  '@biomejs/cli-darwin-arm64@2.4.14':
    resolution: {integrity: sha512-XvgoE9XOawUOQPdmvs4J7wPhi/DLwSCGks3AlPJDmh34O0awRTqCED1HRcRDdpf1Zrp4us4MGOOdIxNpbqNF5Q==}
    engines: {node: '>=14.21.3'}
    cpu: [arm64]
    os: [darwin]

  '@biomejs/cli-darwin-x64@2.4.14':
    resolution: {integrity: sha512-jE7hKBCFhOx3uUh+ZkWBfOHxAcILPfhFplNkuID/eZeSTLHzfZzoZxW8fbqY9xXRnPi7jGNAf1iPVR+0yWsM/Q==}
    engines: {node: '>=14.21.3'}
    cpu: [x64]
    os: [darwin]

  '@biomejs/cli-linux-arm64-musl@2.4.14':
    resolution: {integrity: sha512-/z+6gqAqqUQTHazwStxSXKHg9b8UvqBmDFRp+c4wYbq2KXhELQDon9EoC9RpmQ8JWkqQx/lIUy/cs+MhzDZp6A==}
    engines: {node: '>=14.21.3'}
    cpu: [arm64]
    os: [linux]

  '@biomejs/cli-linux-arm64@2.4.14':
    resolution: {integrity: sha512-2TELhZnW5RSLL063l9rc5xLpA0ZIw0Ccwy/0q384rvNAgFw3yI76bd59547yxowdQr5MNPET/xDLrLuvgSeeWQ==}
    engines: {node: '>=14.21.3'}
    cpu: [arm64]
    os: [linux]

  '@biomejs/cli-linux-x64-musl@2.4.14':
    resolution: {integrity: sha512-R6BWgJdQOwW9ulJatuTVrQkjnODjqHZkKNOqb1sz++3Noe5LYd0i3PchnOBUCYAPHoPWHhjJqbdZlHEu0hpjdA==}
    engines: {node: '>=14.21.3'}
    cpu: [x64]
    os: [linux]

  '@biomejs/cli-linux-x64@2.4.14':
    resolution: {integrity: sha512-zHrlQZDBDUz4OLAraYpWKcnLS6HOewBFWYOzY91d1ZjdqZwibOyb6BEu6WuWLugyo0P3riCmsbV9UqV1cSXwQg==}
    engines: {node: '>=14.21.3'}
    cpu: [x64]
    os: [linux]

  '@biomejs/cli-win32-arm64@2.4.14':
    resolution: {integrity: sha512-M3EH5hqOI/F/FUA2u4xcLoUgmxd218mvuj/6JL7Hv2toQvr2/AdOvKSpGkoRuWFCtQPVa+ZqkEV3Q5xBA9+XSA==}
    engines: {node: '>=14.21.3'}
    cpu: [arm64]
    os: [win32]

  '@biomejs/cli-win32-x64@2.4.14':
    resolution: {integrity: sha512-WL0EG5qE+EAKomGXbf2g6VnSKJhTL3tXC0QRzWRwA5VpjxNYa6H4P7ZWfymbGE4IhZZQi1KXQ2R0YjwInmz2fA==}
    engines: {node: '>=14.21.3'}
    cpu: [x64]
    os: [win32]

  '@inquirer/ansi@2.0.5':
    resolution: {integrity: sha512-doc2sWgJpbFQ64UflSVd17ibMGDuxO1yKgOgLMwavzESnXjFWJqUeG8saYosqKpHp4kWiM5x1nXvEjbpx90gzw==}
    engines: {node: '>=23.5.0 || ^22.13.0 || ^21.7.0 || ^20.12.0'}

  '@inquirer/checkbox@5.1.4':
    resolution: {integrity: sha512-w6KF8ZYRvqHhROkOTHXYC3qIV/KYEu5o12oLqQySvch61vrYtRxNSHTONSdJqWiFJPlCUQAHT5OgOIyuTr+MHQ==}
    engines: {node: '>=23.5.0 || ^22.13.0 || ^21.7.0 || ^20.12.0'}
    peerDependencies:
      '@types/node': '>=18'
    peerDependenciesMeta:
      '@types/node':
        optional: true

  '@inquirer/confirm@6.0.12':
    resolution: {integrity: sha512-h9FgGun3QwVYNj5TWIZZ+slii73bMoBFjPfVIGtnFuL4t8gBiNDV9PcSfIzkuxvgquJKt9nr1QzszpBzTbH8Og==}
    engines: {node: '>=23.5.0 || ^22.13.0 || ^21.7.0 || ^20.12.0'}
    peerDependencies:
      '@types/node': '>=18'
    peerDependenciesMeta:
      '@types/node':
        optional: true

  '@inquirer/core@11.1.9':
    resolution: {integrity: sha512-BDE4fG22uYh1bGSifcj7JSx119TVYNViMhMu85usp4Fswrzh6M0DV3yld64jA98uOAa2GSQ4Bg4bZRm2d2cwSg==}
    engines: {node: '>=23.5.0 || ^22.13.0 || ^21.7.0 || ^20.12.0'}
    peerDependencies:
      '@types/node': '>=18'
    peerDependenciesMeta:
      '@types/node':
        optional: true

  '@inquirer/editor@5.1.1':
    resolution: {integrity: sha512-6y11LgmNpmn5D2aB5FgnCfBUBK8ZstwLCalyJmORcJZ/WrhOjm16mu6eSqIx8DnErxDqSLr+Jkp+GP8/Nwd5tA==}
    engines: {node: '>=23.5.0 || ^22.13.0 || ^21.7.0 || ^20.12.0'}
    peerDependencies:
      '@types/node': '>=18'
    peerDependenciesMeta:
      '@types/node':
        optional: true

  '@inquirer/external-editor@3.0.0':
    resolution: {integrity: sha512-lDSwMgg+M5rq6JKBYaJwSX6T9e/HK2qqZ1oxmOwn4AQoJE5D+7TumsxLGC02PWS//rkIVqbZv3XA3ejsc9FYvg==}
    engines: {node: '>=23.5.0 || ^22.13.0 || ^21.7.0 || ^20.12.0'}
    peerDependencies:
      '@types/node': '>=18'
    peerDependenciesMeta:
      '@types/node':
        optional: true

  '@inquirer/figures@2.0.5':
    resolution: {integrity: sha512-NsSs4kzfm12lNetHwAn3GEuH317IzpwrMCbOuMIVytpjnJ90YYHNwdRgYGuKmVxwuIqSgqk3M5qqQt1cDk0tGQ==}
    engines: {node: '>=23.5.0 || ^22.13.0 || ^21.7.0 || ^20.12.0'}

  '@inquirer/input@5.0.12':
    resolution: {integrity: sha512-uiMFBl4LqFzJClh80Q3f9hbOFJ6kgkDWI4LjAeBuyO6EanVVMF69AgOvpi1qdqjDSjDN6578B6nky9ceEpI+1Q==}
    engines: {node: '>=23.5.0 || ^22.13.0 || ^21.7.0 || ^20.12.0'}
    peerDependencies:
      '@types/node': '>=18'
    peerDependenciesMeta:
      '@types/node':
        optional: true

  '@inquirer/number@4.0.12':
    resolution: {integrity: sha512-/vrwhEf7Xsuh+YlHF4IjSy3g1cyrQuPaSiHIxCEbLu8qnfvrcvJyCkoktOOF+xV9gSb77/G0n3h04RbMDW2sIg==}
    engines: {node: '>=23.5.0 || ^22.13.0 || ^21.7.0 || ^20.12.0'}
    peerDependencies:
      '@types/node': '>=18'
    peerDependenciesMeta:
      '@types/node':
        optional: true

  '@inquirer/password@5.0.12':
    resolution: {integrity: sha512-CBh7YHju623lxJRcAOo498ZUwIuMy63bqW/vVq0tQAZVv+lkWlHkP9ealYE1utWSisEShY5VMdzIXRmyEODzcQ==}
    engines: {node: '>=23.5.0 || ^22.13.0 || ^21.7.0 || ^20.12.0'}
    peerDependencies:
      '@types/node': '>=18'
    peerDependenciesMeta:
      '@types/node':
        optional: true

  '@inquirer/select@5.1.4':
    resolution: {integrity: sha512-2kWcGKPMLAXAWRp1AH1SLsQmX+j0QjeljyXMUji9WMZC8nRDO0b7qquIGr6143E7KMLt3VAIGNXzwa/6PXQs4Q==}
    engines: {node: '>=23.5.0 || ^22.13.0 || ^21.7.0 || ^20.12.0'}
    peerDependencies:
      '@types/node': '>=18'
    peerDependenciesMeta:
      '@types/node':
        optional: true

  '@inquirer/type@4.0.5':
    resolution: {integrity: sha512-aetVUNeKNc/VriqXlw1NRSW0zhMBB0W4bNbWRJgzRl/3d0QNDQFfk0GO5SDdtjMZVg6o8ZKEiadd7SCCzoOn5Q==}
    engines: {node: '>=23.5.0 || ^22.13.0 || ^21.7.0 || ^20.12.0'}
    peerDependencies:
      '@types/node': '>=18'
    peerDependenciesMeta:
      '@types/node':
        optional: true

  chardet@2.1.1:
    resolution: {integrity: sha512-PsezH1rqdV9VvyNhxxOW32/d75r01NY7TQCmOqomRo15ZSOKbpTFVsfjghxo6JloQUCGnH4k1LGu0R4yCLlWQQ==}

  cli-width@4.1.0:
    resolution: {integrity: sha512-ouuZd4/dm2Sw5Gmqy6bGyNNNe1qt9RpmxveLSO7KcgsTnU7RXfsw+/bukWGo1abgBiMAic068rclZsO4IWmmxQ==}
    engines: {node: '>= 12'}

  fast-string-truncated-width@3.0.3:
    resolution: {integrity: sha512-0jjjIEL6+0jag3l2XWWizO64/aZVtpiGE3t0Zgqxv0DPuxiMjvB3M24fCyhZUO4KomJQPj3LTSUnDP3GpdwC0g==}

  fast-string-width@3.0.2:
    resolution: {integrity: sha512-gX8LrtNEI5hq8DVUfRQMbr5lpaS4nMIWV+7XEbXk2b8kiQIizgnlr12B4dA3ZEx3308ze0O4Q1R+cHts8kyUJg==}

  fast-wrap-ansi@0.2.0:
    resolution: {integrity: sha512-rLV8JHxTyhVmFYhBJuMujcrHqOT2cnO5Zxj37qROj23CP39GXubJRBUFF0z8KFK77Uc0SukZUf7JZhsVEQ6n8w==}

  iconv-lite@0.7.2:
    resolution: {integrity: sha512-im9DjEDQ55s9fL4EYzOAv0yMqmMBSZp6G0VvFyTMPKWxiSBHUj9NW/qqLmXUwXrrM7AvqSlTCfvqRb0cM8yYqw==}
    engines: {node: '>=0.10.0'}

  minimist@1.2.8:
    resolution: {integrity: sha512-2yyAR8qBkN3YuheJanUpWC5U3bb5osDywNB8RzDVlDwDHbocAJveqqj1u8+SVD7jkWT4yvsHCpWqqWqAxb0zCA==}

  mute-stream@3.0.0:
    resolution: {integrity: sha512-dkEJPVvun4FryqBmZ5KhDo0K9iDXAwn08tMLDinNdRBNPcYEDiWYysLcc6k3mjTMlbP9KyylvRpd4wFtwrT9rw==}
    engines: {node: ^20.17.0 || >=22.9.0}

  safer-buffer@2.1.2:
    resolution: {integrity: sha512-YZo3K82SD7Riyi0E1EQPojLz7kpepnSQI9IyPbHHg1XXXevb5dJI7tpyN2ADxGcQbHG7vcyRHk0cbwqcQriUtg==}

  signal-exit@4.1.0:
    resolution: {integrity: sha512-bzyZ1e88w9O1iNJbKnOlvYTrWPDl46O1bG0D3XInv+9tkPrxrN8jUUTiFlDkkmKWgn1M6CfIA13SuGqOa9Korw==}
    engines: {node: '>=14'}

snapshots:

  '@biomejs/biome@2.4.14':
    optionalDependencies:
      '@biomejs/cli-darwin-arm64': 2.4.14
      '@biomejs/cli-darwin-x64': 2.4.14
      '@biomejs/cli-linux-arm64': 2.4.14
      '@biomejs/cli-linux-arm64-musl': 2.4.14
      '@biomejs/cli-linux-x64': 2.4.14
      '@biomejs/cli-linux-x64-musl': 2.4.14
      '@biomejs/cli-win32-arm64': 2.4.14
      '@biomejs/cli-win32-x64': 2.4.14

  '@biomejs/cli-darwin-arm64@2.4.14':
    optional: true

  '@biomejs/cli-darwin-x64@2.4.14':
    optional: true

  '@biomejs/cli-linux-arm64-musl@2.4.14':
    optional: true

  '@biomejs/cli-linux-arm64@2.4.14':
    optional: true

  '@biomejs/cli-linux-x64-musl@2.4.14':
    optional: true

  '@biomejs/cli-linux-x64@2.4.14':
    optional: true

  '@biomejs/cli-win32-arm64@2.4.14':
    optional: true

  '@biomejs/cli-win32-x64@2.4.14':
    optional: true

  '@inquirer/ansi@2.0.5': {}

  '@inquirer/checkbox@5.1.4':
    dependencies:
      '@inquirer/ansi': 2.0.5
      '@inquirer/core': 11.1.9
      '@inquirer/figures': 2.0.5
      '@inquirer/type': 4.0.5

  '@inquirer/confirm@6.0.12':
    dependencies:
      '@inquirer/core': 11.1.9
      '@inquirer/type': 4.0.5

  '@inquirer/core@11.1.9':
    dependencies:
      '@inquirer/ansi': 2.0.5
      '@inquirer/figures': 2.0.5
      '@inquirer/type': 4.0.5
      cli-width: 4.1.0
      fast-wrap-ansi: 0.2.0
      mute-stream: 3.0.0
      signal-exit: 4.1.0

  '@inquirer/editor@5.1.1':
    dependencies:
      '@inquirer/core': 11.1.9
      '@inquirer/external-editor': 3.0.0
      '@inquirer/type': 4.0.5

  '@inquirer/external-editor@3.0.0':
    dependencies:
      chardet: 2.1.1
      iconv-lite: 0.7.2

  '@inquirer/figures@2.0.5': {}

  '@inquirer/input@5.0.12':
    dependencies:
      '@inquirer/core': 11.1.9
      '@inquirer/type': 4.0.5

  '@inquirer/number@4.0.12':
    dependencies:
      '@inquirer/core': 11.1.9
      '@inquirer/type': 4.0.5

  '@inquirer/password@5.0.12':
    dependencies:
      '@inquirer/ansi': 2.0.5
      '@inquirer/core': 11.1.9
      '@inquirer/type': 4.0.5

  '@inquirer/select@5.1.4':
    dependencies:
      '@inquirer/ansi': 2.0.5
      '@inquirer/core': 11.1.9
      '@inquirer/figures': 2.0.5
      '@inquirer/type': 4.0.5

  '@inquirer/type@4.0.5': {}

  chardet@2.1.1: {}

  cli-width@4.1.0: {}

  fast-string-truncated-width@3.0.3: {}

  fast-string-width@3.0.2:
    dependencies:
      fast-string-truncated-width: 3.0.3

  fast-wrap-ansi@0.2.0:
    dependencies:
      fast-string-width: 3.0.2

  iconv-lite@0.7.2:
    dependencies:
      safer-buffer: 2.1.2

  minimist@1.2.8: {}

  mute-stream@3.0.0: {}

  safer-buffer@2.1.2: {}

  signal-exit@4.1.0: {}
