lockfileVersion: '9.0'

settings:
  autoInstallPeers: true
  excludeLinksFromLockfile: false

catalogs:
  default:
    '@inquirer/checkbox':
      specifier: ^5.1.2
      version: 5.1.2
    '@inquirer/confirm':
      specifier: ^6.0.10
      version: 6.0.10
    '@inquirer/editor':
      specifier: ^5.0.10
      version: 5.0.10
    '@inquirer/input':
      specifier: ^5.0.10
      version: 5.0.10
    '@inquirer/number':
      specifier: ^4.0.10
      version: 4.0.10
    '@inquirer/password':
      specifier: ^5.0.10
      version: 5.0.10
    '@inquirer/select':
      specifier: ^5.1.2
      version: 5.1.2
    minimist:
      specifier: ^1.2.8
      version: 1.2.8

importers:

  .:
    dependencies:
      minimist:
        specifier: 'catalog:'
        version: 1.2.8
    devDependencies:
      '@biomejs/biome':
        specifier: ^2.4.10
        version: 2.4.10
      '@inquirer-cli/test-helper':
        specifier: workspace:*
        version: link:packages/test-helper

  packages/checkbox:
    dependencies:
      '@inquirer/checkbox':
        specifier: 'catalog:'
        version: 5.1.2
      minimist:
        specifier: 'catalog:'
        version: 1.2.8

  packages/confirm:
    dependencies:
      '@inquirer/confirm':
        specifier: 'catalog:'
        version: 6.0.10
      minimist:
        specifier: 'catalog:'
        version: 1.2.8

  packages/editor:
    dependencies:
      '@inquirer/editor':
        specifier: 'catalog:'
        version: 5.0.10
      minimist:
        specifier: 'catalog:'
        version: 1.2.8

  packages/input:
    dependencies:
      '@inquirer/input':
        specifier: 'catalog:'
        version: 5.0.10
      minimist:
        specifier: 'catalog:'
        version: 1.2.8

  packages/number:
    dependencies:
      '@inquirer/number':
        specifier: 'catalog:'
        version: 4.0.10
      minimist:
        specifier: 'catalog:'
        version: 1.2.8

  packages/password:
    dependencies:
      '@inquirer/password':
        specifier: 'catalog:'
        version: 5.0.10
      minimist:
        specifier: 'catalog:'
        version: 1.2.8

  packages/select:
    dependencies:
      '@inquirer/select':
        specifier: 'catalog:'
        version: 5.1.2
      minimist:
        specifier: 'catalog:'
        version: 1.2.8

  packages/test-helper: {}

packages:

  '@biomejs/biome@2.4.10':
    resolution: {integrity: sha512-xxA3AphFQ1geij4JTHXv4EeSTda1IFn22ye9LdyVPoJU19fNVl0uzfEuhsfQ4Yue/0FaLs2/ccVi4UDiE7R30w==}
    engines: {node: '>=14.21.3'}
    hasBin: true

  '@biomejs/cli-darwin-arm64@2.4.10':
    resolution: {integrity: sha512-vuzzI1cWqDVzOMIkYyHbKqp+AkQq4K7k+UCXWpkYcY/HDn1UxdsbsfgtVpa40shem8Kax4TLDLlx8kMAecgqiw==}
    engines: {node: '>=14.21.3'}
    cpu: [arm64]
    os: [darwin]

  '@biomejs/cli-darwin-x64@2.4.10':
    resolution: {integrity: sha512-14fzASRo+BPotwp7nWULy2W5xeUyFnTaq1V13Etrrxkrih+ez/2QfgFm5Ehtf5vSjtgx/IJycMMpn5kPd5ZNaA==}
    engines: {node: '>=14.21.3'}
    cpu: [x64]
    os: [darwin]

  '@biomejs/cli-linux-arm64-musl@2.4.10':
    resolution: {integrity: sha512-WrJY6UuiSD/Dh+nwK2qOTu8kdMDlLV3dLMmychIghHPAysWFq1/DGC1pVZx8POE3ZkzKR3PUUnVrtZfMfaJjyQ==}
    engines: {node: '>=14.21.3'}
    cpu: [arm64]
    os: [linux]

  '@biomejs/cli-linux-arm64@2.4.10':
    resolution: {integrity: sha512-7MH1CMW5uuxQ/s7FLST63qF8B3Hgu2HRdZ7tA1X1+mk+St4JOuIrqdhIBnnyqeyWJNI+Bww7Es5QZ0wIc1Cmkw==}
    engines: {node: '>=14.21.3'}
    cpu: [arm64]
    os: [linux]

  '@biomejs/cli-linux-x64-musl@2.4.10':
    resolution: {integrity: sha512-kDTi3pI6PBN6CiczsWYOyP2zk0IJI08EWEQyDMQWW221rPaaEz6FvjLhnU07KMzLv8q3qSuoB93ua6inSQ55Tw==}
    engines: {node: '>=14.21.3'}
    cpu: [x64]
    os: [linux]

  '@biomejs/cli-linux-x64@2.4.10':
    resolution: {integrity: sha512-tZLvEEi2u9Xu1zAqRjTcpIDGVtldigVvzug2fTuPG0ME/g8/mXpRPcNgLB22bGn6FvLJpHHnqLnwliOu8xjYrg==}
    engines: {node: '>=14.21.3'}
    cpu: [x64]
    os: [linux]

  '@biomejs/cli-win32-arm64@2.4.10':
    resolution: {integrity: sha512-umwQU6qPzH+ISTf/eHyJ/QoQnJs3V9Vpjz2OjZXe9MVBZ7prgGafMy7yYeRGnlmDAn87AKTF3Q6weLoMGpeqdQ==}
    engines: {node: '>=14.21.3'}
    cpu: [arm64]
    os: [win32]

  '@biomejs/cli-win32-x64@2.4.10':
    resolution: {integrity: sha512-aW/JU5GuyH4uxMrNYpoC2kjaHlyJGLgIa3XkhPEZI0uKhZhJZU8BuEyJmvgzSPQNGozBwWjC972RaNdcJ9KyJg==}
    engines: {node: '>=14.21.3'}
    cpu: [x64]
    os: [win32]

  '@inquirer/ansi@2.0.4':
    resolution: {integrity: sha512-DpcZrQObd7S0R/U3bFdkcT5ebRwbTTC4D3tCc1vsJizmgPLxNJBo+AAFmrZwe8zk30P2QzgzGWZ3Q9uJwWuhIg==}
    engines: {node: '>=23.5.0 || ^22.13.0 || ^21.7.0 || ^20.12.0'}

  '@inquirer/checkbox@5.1.2':
    resolution: {integrity: sha512-PubpMPO2nJgMufkoB3P2wwxNXEMUXnBIKi/ACzDUYfaoPuM7gSTmuxJeMscoLVEsR4qqrCMf5p0SiYGWnVJ8kw==}
    engines: {node: '>=23.5.0 || ^22.13.0 || ^21.7.0 || ^20.12.0'}
    peerDependencies:
      '@types/node': '>=18'
    peerDependenciesMeta:
      '@types/node':
        optional: true

  '@inquirer/confirm@6.0.10':
    resolution: {integrity: sha512-tiNyA73pgpQ0FQ7axqtoLUe4GDYjNCDcVsbgcA5anvwg2z6i+suEngLKKJrWKJolT//GFPZHwN30binDIHgSgQ==}
    engines: {node: '>=23.5.0 || ^22.13.0 || ^21.7.0 || ^20.12.0'}
    peerDependencies:
      '@types/node': '>=18'
    peerDependenciesMeta:
      '@types/node':
        optional: true

  '@inquirer/core@11.1.7':
    resolution: {integrity: sha512-1BiBNDk9btIwYIzNZpkikIHXWeNzNncJePPqwDyVMhXhD1ebqbpn1mKGctpoqAbzywZfdG0O4tvmsGIcOevAPQ==}
    engines: {node: '>=23.5.0 || ^22.13.0 || ^21.7.0 || ^20.12.0'}
    peerDependencies:
      '@types/node': '>=18'
    peerDependenciesMeta:
      '@types/node':
        optional: true

  '@inquirer/editor@5.0.10':
    resolution: {integrity: sha512-VJx4XyaKea7t8hEApTw5dxeIyMtWXre2OiyJcICCRZI4hkoHsMoCnl/KbUnJJExLbH9csLLHMVR144ZhFE1CwA==}
    engines: {node: '>=23.5.0 || ^22.13.0 || ^21.7.0 || ^20.12.0'}
    peerDependencies:
      '@types/node': '>=18'
    peerDependenciesMeta:
      '@types/node':
        optional: true

  '@inquirer/external-editor@2.0.4':
    resolution: {integrity: sha512-Prenuv9C1PHj2Itx0BcAOVBTonz02Hc2Nd2DbU67PdGUaqn0nPCnV34oDyyoaZHnmfRxkpuhh/u51ThkrO+RdA==}
    engines: {node: '>=23.5.0 || ^22.13.0 || ^21.7.0 || ^20.12.0'}
    peerDependencies:
      '@types/node': '>=18'
    peerDependenciesMeta:
      '@types/node':
        optional: true

  '@inquirer/figures@2.0.4':
    resolution: {integrity: sha512-eLBsjlS7rPS3WEhmOmh1znQ5IsQrxWzxWDxO51e4urv+iVrSnIHbq4zqJIOiyNdYLa+BVjwOtdetcQx1lWPpiQ==}
    engines: {node: '>=23.5.0 || ^22.13.0 || ^21.7.0 || ^20.12.0'}

  '@inquirer/input@5.0.10':
    resolution: {integrity: sha512-nvZ6qEVeX/zVtZ1dY2hTGDQpVGD3R7MYPLODPgKO8Y+RAqxkrP3i/3NwF3fZpLdaMiNuK0z2NaYIx9tPwiSegQ==}
    engines: {node: '>=23.5.0 || ^22.13.0 || ^21.7.0 || ^20.12.0'}
    peerDependencies:
      '@types/node': '>=18'
    peerDependenciesMeta:
      '@types/node':
        optional: true

  '@inquirer/number@4.0.10':
    resolution: {integrity: sha512-Ht8OQstxiS3APMGjHV0aYAjRAysidWdwurWEo2i8yI5xbhOBWqizT0+MU1S2GCcuhIBg+3SgWVjEoXgfhY+XaA==}
    engines: {node: '>=23.5.0 || ^22.13.0 || ^21.7.0 || ^20.12.0'}
    peerDependencies:
      '@types/node': '>=18'
    peerDependenciesMeta:
      '@types/node':
        optional: true

  '@inquirer/password@5.0.10':
    resolution: {integrity: sha512-QbNyvIE8q2GTqKLYSsA8ATG+eETo+m31DSR0+AU7x3d2FhaTWzqQek80dj3JGTo743kQc6mhBR0erMjYw5jQ0A==}
    engines: {node: '>=23.5.0 || ^22.13.0 || ^21.7.0 || ^20.12.0'}
    peerDependencies:
      '@types/node': '>=18'
    peerDependenciesMeta:
      '@types/node':
        optional: true

  '@inquirer/select@5.1.2':
    resolution: {integrity: sha512-kTK8YIkHV+f02y7bWCh7E0u2/11lul5WepVTclr3UMBtBr05PgcZNWfMa7FY57ihpQFQH/spLMHTcr0rXy50tA==}
    engines: {node: '>=23.5.0 || ^22.13.0 || ^21.7.0 || ^20.12.0'}
    peerDependencies:
      '@types/node': '>=18'
    peerDependenciesMeta:
      '@types/node':
        optional: true

  '@inquirer/type@4.0.4':
    resolution: {integrity: sha512-PamArxO3cFJZoOzspzo6cxVlLeIftyBsZw/S9bKY5DzxqJVZgjoj1oP8d0rskKtp7sZxBycsoer1g6UeJV1BBA==}
    engines: {node: '>=23.5.0 || ^22.13.0 || ^21.7.0 || ^20.12.0'}
    peerDependencies:
      '@types/node': '>=18'
    peerDependenciesMeta:
      '@types/node':
        optional: true

  chardet@2.1.1:
    resolution: {integrity: sha512-PsezH1rqdV9VvyNhxxOW32/d75r01NY7TQCmOqomRo15ZSOKbpTFVsfjghxo6JloQUCGnH4k1LGu0R4yCLlWQQ==}

  cli-width@4.1.0:
    resolution: {integrity: sha512-ouuZd4/dm2Sw5Gmqy6bGyNNNe1qt9RpmxveLSO7KcgsTnU7RXfsw+/bukWGo1abgBiMAic068rclZsO4IWmmxQ==}
    engines: {node: '>= 12'}

  fast-string-truncated-width@3.0.3:
    resolution: {integrity: sha512-0jjjIEL6+0jag3l2XWWizO64/aZVtpiGE3t0Zgqxv0DPuxiMjvB3M24fCyhZUO4KomJQPj3LTSUnDP3GpdwC0g==}

  fast-string-width@3.0.2:
    resolution: {integrity: sha512-gX8LrtNEI5hq8DVUfRQMbr5lpaS4nMIWV+7XEbXk2b8kiQIizgnlr12B4dA3ZEx3308ze0O4Q1R+cHts8kyUJg==}

  fast-wrap-ansi@0.2.0:
    resolution: {integrity: sha512-rLV8JHxTyhVmFYhBJuMujcrHqOT2cnO5Zxj37qROj23CP39GXubJRBUFF0z8KFK77Uc0SukZUf7JZhsVEQ6n8w==}

  iconv-lite@0.7.2:
    resolution: {integrity: sha512-im9DjEDQ55s9fL4EYzOAv0yMqmMBSZp6G0VvFyTMPKWxiSBHUj9NW/qqLmXUwXrrM7AvqSlTCfvqRb0cM8yYqw==}
    engines: {node: '>=0.10.0'}

  minimist@1.2.8:
    resolution: {integrity: sha512-2yyAR8qBkN3YuheJanUpWC5U3bb5osDywNB8RzDVlDwDHbocAJveqqj1u8+SVD7jkWT4yvsHCpWqqWqAxb0zCA==}

  mute-stream@3.0.0:
    resolution: {integrity: sha512-dkEJPVvun4FryqBmZ5KhDo0K9iDXAwn08tMLDinNdRBNPcYEDiWYysLcc6k3mjTMlbP9KyylvRpd4wFtwrT9rw==}
    engines: {node: ^20.17.0 || >=22.9.0}

  safer-buffer@2.1.2:
    resolution: {integrity: sha512-YZo3K82SD7Riyi0E1EQPojLz7kpepnSQI9IyPbHHg1XXXevb5dJI7tpyN2ADxGcQbHG7vcyRHk0cbwqcQriUtg==}

  signal-exit@4.1.0:
    resolution: {integrity: sha512-bzyZ1e88w9O1iNJbKnOlvYTrWPDl46O1bG0D3XInv+9tkPrxrN8jUUTiFlDkkmKWgn1M6CfIA13SuGqOa9Korw==}
    engines: {node: '>=14'}

snapshots:

  '@biomejs/biome@2.4.10':
    optionalDependencies:
      '@biomejs/cli-darwin-arm64': 2.4.10
      '@biomejs/cli-darwin-x64': 2.4.10
      '@biomejs/cli-linux-arm64': 2.4.10
      '@biomejs/cli-linux-arm64-musl': 2.4.10
      '@biomejs/cli-linux-x64': 2.4.10
      '@biomejs/cli-linux-x64-musl': 2.4.10
      '@biomejs/cli-win32-arm64': 2.4.10
      '@biomejs/cli-win32-x64': 2.4.10

  '@biomejs/cli-darwin-arm64@2.4.10':
    optional: true

  '@biomejs/cli-darwin-x64@2.4.10':
    optional: true

  '@biomejs/cli-linux-arm64-musl@2.4.10':
    optional: true

  '@biomejs/cli-linux-arm64@2.4.10':
    optional: true

  '@biomejs/cli-linux-x64-musl@2.4.10':
    optional: true

  '@biomejs/cli-linux-x64@2.4.10':
    optional: true

  '@biomejs/cli-win32-arm64@2.4.10':
    optional: true

  '@biomejs/cli-win32-x64@2.4.10':
    optional: true

  '@inquirer/ansi@2.0.4': {}

  '@inquirer/checkbox@5.1.2':
    dependencies:
      '@inquirer/ansi': 2.0.4
      '@inquirer/core': 11.1.7
      '@inquirer/figures': 2.0.4
      '@inquirer/type': 4.0.4

  '@inquirer/confirm@6.0.10':
    dependencies:
      '@inquirer/core': 11.1.7
      '@inquirer/type': 4.0.4

  '@inquirer/core@11.1.7':
    dependencies:
      '@inquirer/ansi': 2.0.4
      '@inquirer/figures': 2.0.4
      '@inquirer/type': 4.0.4
      cli-width: 4.1.0
      fast-wrap-ansi: 0.2.0
      mute-stream: 3.0.0
      signal-exit: 4.1.0

  '@inquirer/editor@5.0.10':
    dependencies:
      '@inquirer/core': 11.1.7
      '@inquirer/external-editor': 2.0.4
      '@inquirer/type': 4.0.4

  '@inquirer/external-editor@2.0.4':
    dependencies:
      chardet: 2.1.1
      iconv-lite: 0.7.2

  '@inquirer/figures@2.0.4': {}

  '@inquirer/input@5.0.10':
    dependencies:
      '@inquirer/core': 11.1.7
      '@inquirer/type': 4.0.4

  '@inquirer/number@4.0.10':
    dependencies:
      '@inquirer/core': 11.1.7
      '@inquirer/type': 4.0.4

  '@inquirer/password@5.0.10':
    dependencies:
      '@inquirer/ansi': 2.0.4
      '@inquirer/core': 11.1.7
      '@inquirer/type': 4.0.4

  '@inquirer/select@5.1.2':
    dependencies:
      '@inquirer/ansi': 2.0.4
      '@inquirer/core': 11.1.7
      '@inquirer/figures': 2.0.4
      '@inquirer/type': 4.0.4

  '@inquirer/type@4.0.4': {}

  chardet@2.1.1: {}

  cli-width@4.1.0: {}

  fast-string-truncated-width@3.0.3: {}

  fast-string-width@3.0.2:
    dependencies:
      fast-string-truncated-width: 3.0.3

  fast-wrap-ansi@0.2.0:
    dependencies:
      fast-string-width: 3.0.2

  iconv-lite@0.7.2:
    dependencies:
      safer-buffer: 2.1.2

  minimist@1.2.8: {}

  mute-stream@3.0.0: {}

  safer-buffer@2.1.2: {}

  signal-exit@4.1.0: {}
